
Microsoft Visual Studio Solution File, Format Version 12.00
# Visual Studio 15
VisualStudioVersion = 15.0.28010.2036
MinimumVisualStudioVersion = 10.0.40219.1
Project("{FAE04EC0-301F-11D3-BF4B-00C04F79EFBC}") = "GreatInnovators", "GreatInnovators\GreatInnovators.csproj", "{31E63AF8-7802-4879-9919-5EB897743CC6}"
EndProject
Global
	GlobalSection(SolutionConfigurationPlatforms) = preSolution
		Debug|Any CPU = Debug|Any CPU
		Release|Any CPU = Release|Any CPU
	EndGlobalSection
	GlobalSection(ProjectConfigurationPlatforms) = postSolution
		{31E63AF8-7802-4879-9919-5EB897743CC6}.Debug|Any CPU.ActiveCfg = Debug|Any CPU
		{31E63AF8-7802-4879-9919-5EB897743CC6}.Debug|Any CPU.Build.0 = Debug|Any CPU
		{31E63AF8-7802-4879-9919-5EB897743CC6}.Release|Any CPU.ActiveCfg = Release|Any CPU
		{31E63AF8-7802-4879-9919-5EB897743CC6}.Release|Any CPU.Build.0 = Release|Any CPU
	EndGlobalSection
	GlobalSection(SolutionProperties) = preSolution
		HideSolutionNode = FALSE
	EndGlobalSection
	GlobalSection(ExtensibilityGlobals) = postSolution
		SolutionGuid = {B454204D-9BAF-416D-B9A9-EDE78D0A57C2}
	EndGlobalSection
EndGlobal
